# This file is automatically @generated by Cargo.
# It is not intended for manual editing.
version = 3

[[package]]
name = "bincode"
version = "1.3.3"
source = "registry+https://github.com/rust-lang/crates.io-index"
checksum = "b1f45e9417d87227c7a56d22e471c6206462cba514c7590c09aff4cf6d1ddcad"
dependencies = [
 "serde",
]

[[package]]
name = "bitpacking"
version = "0.8.4"
source = "registry+https://github.com/rust-lang/crates.io-index"
checksum = "a8c7d2ac73c167c06af4a5f37e6e59d84148d57ccbe4480b76f0273eefea82d7"
dependencies = [
 "crunchy",
]

[[package]]
name = "compressed_vec"
version = "0.1.1"
source = "git+https://github.com/JojiiOfficial/CompressedVec#e2fa763da49bfee4569b11ab8fb4124cc7f194fb"
dependencies = [
 "bitpacking",
 "serde",
 "utilsrs",
]

[[package]]
name = "crunchy"
version = "0.2.2"
source = "registry+https://github.com/rust-lang/crates.io-index"
checksum = "7a81dae078cea95a014a339291cec439d2f232ebe854a9d672b796c6afafa9b7"

[[package]]
name = "either"
version = "1.8.0"
source = "registry+https://github.com/rust-lang/crates.io-index"
checksum = "90e5c1c8368803113bf0c9584fc495a58b86dc8a29edbf8fe877d21d9507e797"

[[package]]
name = "float-ord"
version = "0.3.2"
source = "registry+https://github.com/rust-lang/crates.io-index"
checksum = "8ce81f49ae8a0482e4c55ea62ebbd7e5a686af544c00b9d090bba3ff9be97b3d"

[[package]]
name = "index_framework"
version = "0.1.0"
source = "git+https://github.com/WeDontPanic/index_framework#2661bd39f13a51130bd8f7396e9afe150aca6778"
dependencies = [
 "bincode",
 "compressed_vec",
 "intersect_iter",
 "itertools",
 "order_struct",
 "serde",
 "st_file",
]

[[package]]
name = "intersect_iter"
version = "0.1.0"
source = "registry+https://github.com/rust-lang/crates.io-index"
checksum = "aca3a10d26a96d5e258170892ccf7ffa5675adbb53ae5d7d7ad39e75d114c01c"

[[package]]
name = "itertools"
version = "0.10.5"
source = "registry+https://github.com/rust-lang/crates.io-index"
checksum = "b0fd2260e829bddf4cb6ea802289de2f86d6a7a690192fbe91b3f46e0f2c8473"
dependencies = [
 "either",
]

[[package]]
name = "order_struct"
version = "0.1.0"
source = "git+https://github.com/JojiiOfficial/OrderStruct#db28b225bd444e9fd7f5138b346e0dbb6f531540"
dependencies = [
 "float-ord",
]

[[package]]
name = "proc-macro2"
version = "1.0.46"
source = "registry+https://github.com/rust-lang/crates.io-index"
checksum = "94e2ef8dbfc347b10c094890f778ee2e36ca9bb4262e86dc99cd217e35f3470b"
dependencies = [
 "unicode-ident",
]

[[package]]
name = "quote"
version = "1.0.21"
source = "registry+https://github.com/rust-lang/crates.io-index"
checksum = "bbe448f377a7d6961e30f5955f9b8d106c3f5e449d493ee1b125c1d43c2b5179"
dependencies = [
 "proc-macro2",
]

[[package]]
name = "serde"
version = "1.0.145"
source = "registry+https://github.com/rust-lang/crates.io-index"
checksum = "728eb6351430bccb993660dfffc5a72f91ccc1295abaa8ce19b27ebe4f75568b"
dependencies = [
 "serde_derive",
]

[[package]]
name = "serde_derive"
version = "1.0.145"
source = "registry+https://github.com/rust-lang/crates.io-index"
checksum = "81fa1584d3d1bcacd84c277a0dfe21f5b0f6accf4a23d04d4c6d61f1af522b4c"
dependencies = [
 "proc-macro2",
 "quote",
 "syn",
]

[[package]]
name = "st_file"
version = "0.1.0"
source = "git+https://github.com/JojiiOfficial/st-file#8b3470c82e47a2258be658c6b7c2676ce5a3e515"
dependencies = [
 "serde",
]

[[package]]
name = "syn"
version = "1.0.101"
source = "registry+https://github.com/rust-lang/crates.io-index"
checksum = "e90cde112c4b9690b8cbe810cba9ddd8bc1d7472e2cae317b69e9438c1cba7d2"
dependencies = [
 "proc-macro2",
 "quote",
 "unicode-ident",
]

[[package]]
name = "unicode-ident"
version = "1.0.4"
source = "registry+https://github.com/rust-lang/crates.io-index"
checksum = "dcc811dc4066ac62f84f11307873c4850cb653bfa9b1719cee2bd2204a4bc5dd"

[[package]]
name = "utilsrs"
version = "0.1.0"
source = "git+https://github.com/JojiiOfficial/utilsrs#b0b019f328216bae7ad55faba599eb266cdc4001"

[[package]]
name = "vsm"
version = "0.1.0"
dependencies = [
 "index_framework",
 "intersect_iter",
 "serde",
]
